Microsoft Visual Studio Solution File, Format Version 12.00
# Visual Studio Version 17
VisualStudioVersion = 17.5.2.0
MinimumVisualStudioVersion = 10.0.40219.1
Project("{FAE04EC0-301F-11D3-BF4B-00C04F79EFBC}") = "employeDirectory_C#", "employeDirectory_C#.csproj", "{896C84F1-322D-84E6-64FA-6F14F8AFB0B3}"
EndProject
Global
	GlobalSection(SolutionConfigurationPlatforms) = preSolution
		Debug|Any CPU = Debug|Any CPU
		Release|Any CPU = Release|Any CPU
	EndGlobalSection
	GlobalSection(ProjectConfigurationPlatforms) = postSolution
		{896C84F1-322D-84E6-64FA-6F14F8AFB0B3}.Debug|Any CPU.ActiveCfg = Debug|Any CPU
		{896C84F1-322D-84E6-64FA-6F14F8AFB0B3}.Debug|Any CPU.Build.0 = Debug|Any CPU
		{896C84F1-322D-84E6-64FA-6F14F8AFB0B3}.Release|Any CPU.ActiveCfg = Release|Any CPU
		{896C84F1-322D-84E6-64FA-6F14F8AFB0B3}.Release|Any CPU.Build.0 = Release|Any CPU
	EndGlobalSection
	GlobalSection(SolutionProperties) = preSolution
		HideSolutionNode = FALSE
	EndGlobalSection
	GlobalSection(ExtensibilityGlobals) = postSolution
		SolutionGuid = {E5C6FE85-231B-40E8-81B1-B39950E1A8E3}
	EndGlobalSection
EndGlobal
